{
    "nyholm/nsa": {
        "version": "1.1.0"
    },
    "ocramius/package-versions": {
        "version": "1.5.1"
    },
    "ocramius/proxy-manager": {
        "version": "2.2.3"
    },
    "paragonie/random_compat": {
        "version": "v9.99.99"
    },
    "php": {
        "version": "7.3"
    },
    "php-translation/common": {
        "version": "3.0.1"
    },
    "php-translation/extractor": {
        "version": "2.0.1"
    },
    "php-translation/symfony-bundle": {
        "version": "0.10",
        "recipe": {
            "repo": "github.com/symfony/recipes-contrib",
            "branch": "master",
            "version": "0.10",
            "ref": "7626dc2639039d9db29789b560171f2f2a9d8468"
        },
        "files": [
            "config/packages/dev/php_translation.yaml",
            "config/packages/php_translation.yaml",
            "config/routes/dev/php_translation.yaml",
            "config/routes/php_translation.yaml"
        ]
    },
    "php-translation/symfony-storage": {
        "version": "2.2.0"
    },
    "psr/event-dispatcher": {
        "version": "1.0.0"
    },
    "symfony/polyfill-ctype": {
        "version": "v1.15.0"
    },
    "symfony/polyfill-php70": {
        "version": "v1.15.0"
    }
}
